// !$*UTF8*$!
{
	archiveVersion = 1;
	classes = {
	};
	objectVersion = 46;
	objects = {

/* Begin PBXBuildFile section */
		796DE4921C9F3DD1006AEC5E /* AppDelegate.swift in Sources */ = {isa = PBXBuildFile; fileRef = 796DE4911C9F3DD1006AEC5E /* AppDelegate.swift */; };
		796DE4941C9F3DD1006AEC5E /* ViewController.swift in Sources */ = {isa = PBXBuildFile; fileRef = 796DE4931C9F3DD1006AEC5E /* ViewController.swift */; };
		796DE4971C9F3DD1006AEC5E /* Main.storyboard in Resources */ = {isa = PBXBuildFile; fileRef = 796DE4951C9F3DD1006AEC5E /* Main.storyboard */; };
		796DE4991C9F3DD1006AEC5E /* Assets.xcassets in Resources */ = {isa = PBXBuildFile; fileRef = 796DE4981C9F3DD1006AEC5E /* Assets.xcassets */; };
/* End PBXBuildFile section */

/* Begin PBXFileReference section */
		796DE48E1C9F3DD1006AEC5E /* PassCut.app */ = {isa = PBXFileReference; explicitFileType = wrapper.application; includeInIndex = 0; path = PassCut.app; sourceTree = BUILT_PRODUCTS_DIR; };
		796DE4911C9F3DD1006AEC5E /* AppDelegate.swift */ = {isa = PBXFileReference; lastKnownFileType = sourcecode.swift; path = AppDelegate.swift; sourceTree = "<group>"; };
		796DE4931C9F3DD1006AEC5E /* ViewController.swift */ = {isa = PBXFileReference; lastKnownFileType = sourcecode.swift; path = ViewController.swift; sourceTree = "<group>"; };
		796DE4961C9F3DD1006AEC5E /* Base */ = {isa = PBXFileReference; lastKnownFileType = file.storyboard; name = Base; path = Base.lproj/Main.storyboard; sourceTree = "<group>"; };
		796DE4981C9F3DD1006AEC5E /* Assets.xcassets */ = {isa = PBXFileReference; lastKnownFileType = folder.assetcatalog; path = Assets.xcassets; sourceTree = "<group>"; };
		796DE49D1C9F3DD1006AEC5E /* Info.plist */ = {isa = PBXFileReference; lastKnownFileType = text.plist.xml; path = Info.plist; sourceTree = "<group>"; };
/* End PBXFileReference section */

/* Begin PBXFrameworksBuildPhase section */
		796DE48B1C9F3DD1006AEC5E /* Frameworks */ = {
			isa = PBXFrameworksBuildPhase;
			buildActionMask = 2147483647;
			files = (
			);
			runOnlyForDeploymentPostprocessing = 0;
		};
/* End PBXFrameworksBuildPhase section */

/* Begin PBXGroup section */
		796DE4851C9F3DD1006AEC5E = {
			isa = PBXGroup;
			children = (
				796DE4901C9F3DD1006AEC5E /* PassCut */,
				796DE48F1C9F3DD1006AEC5E /* Products */,
			);
			sourceTree = "<group>";
		};
		796DE48F1C9F3DD1006AEC5E /* Products */ = {
			isa = PBXGroup;
			children = (
				796DE48E1C9F3DD1006AEC5E /* PassCut.app */,
			);
			name = Products;
			sourceTree = "<group>";
		};
		796DE4901C9F3DD1006AEC5E /* PassCut */ = {
			isa = PBXGroup;
			children = (
				796DE4911C9F3DD1006AEC5E /* AppDelegate.swift */,
				796DE4931C9F3DD1006AEC5E /* ViewController.swift */,
				796DE4951C9F3DD1006AEC5E /* Main.storyboard */,
				796DE4981C9F3DD1006AEC5E /* Assets.xcassets */,
				796DE49D1C9F3DD1006AEC5E /* Info.plist */,
			);
			path = PassCut;
			sourceTree = "<group>";
		};
/* End PBXGroup section */

/* Begin PBXNativeTarget section */
		796DE48D1C9F3DD1006AEC5E /* PassCut */ = {
			isa = PBXNativeTarget;
			buildConfigurationList = 796DE4A01C9F3DD1006AEC5E /* Build configuration list for PBXNativeTarget "PassCut" */;
			buildPhases = (
				796DE48A1C9F3DD1006AEC5E /* Sources */,
				796DE48B1C9F3DD1006AEC5E /* Frameworks */,
				796DE48C1C9F3DD1006AEC5E /* Resources */,
			);
			buildRules = (
			);
			dependencies = (
			);
			name = PassCut;
			productName = PassCut;
			productReference = 796DE48E1C9F3DD1006AEC5E /* PassCut.app */;
			productType = "com.apple.product-type.application";
		};
/* End PBXNativeTarget section */

/* Begin PBXProject section */
		796DE4861C9F3DD1006AEC5E /* Project object */ = {
			isa = PBXProject;
			attributes = {
				LastSwiftUpdateCheck = 0720;
				LastUpgradeCheck = 0720;
				ORGANIZATIONNAME = "Nami Shah";
				TargetAttributes = {
					796DE48D1C9F3DD1006AEC5E = {
						CreatedOnToolsVersion = 7.2.1;
						DevelopmentTeam = BYCJTAN6FV;
					};
				};
			};
			buildConfigurationList = 796DE4891C9F3DD1006AEC5E /* Build configuration list for PBXProject "PassCut" */;
			compatibilityVersion = "Xcode 3.2";
			developmentRegion = English;
			hasScannedForEncodings = 0;
			knownRegions = (
				en,
				Base,
			);
			mainGroup = 796DE4851C9F3DD1006AEC5E;
			productRefGroup = 796DE48F1C9F3DD1006AEC5E /* Products */;
			projectDirPath = "";
			projectRoot = "";
			targets = (
				796DE48D1C9F3DD1006AEC5E /* PassCut */,
			);
		};
/* End PBXProject section */

/* Begin PBXResourcesBuildPhase section */
		796DE48C1C9F3DD1006AEC5E /* Resources */ = {
			isa = PBXResourcesBuildPhase;
			buildActionMask = 2147483647;
			files = (
				796DE4991C9F3DD1006AEC5E /* Assets.xcassets in Resources */,
				796DE4971C9F3DD1006AEC5E /* Main.storyboard in Resources */,
			);
			runOnlyForDeploymentPostprocessing = 0;
		};
/* End PBXResourcesBuildPhase section */

/* Begin PBXSourcesBuildPhase section */
		796DE48A1C9F3DD1006AEC5E /* Sources */ = {
			isa = PBXSourcesBuildPhase;
			buildActionMask = 2147483647;
			files = (
				796DE4941C9F3DD1006AEC5E /* ViewController.swift in Sources */,
				796DE4921C9F3DD1006AEC5E /* AppDelegate.swift in Sources */,
			);
			runOnlyForDeploymentPostprocessing = 0;
		};
/* End PBXSourcesBuildPhase section */

/* Begin PBXVariantGroup section */
		796DE4951C9F3DD1006AEC5E /* Main.storyboard */ = {
			isa = PBXVariantGroup;
			children = (
				796DE4961C9F3DD1006AEC5E /* Base */,
			);
			name = Main.storyboard;
			sourceTree = "<group>";
		};
/* End PBXVariantGroup section */

/* Begin XCBuildConfiguration section */
		796DE49E1C9F3DD1006AEC5E /* Debug */ = {
			isa = XCBuildConfiguration;
			buildSettings = {
				ALWAYS_SEARCH_USER_PATHS = NO;
				CLANG_CXX_LANGUAGE_STANDARD = "gnu++0x";
				CLANG_CXX_LIBRARY = "libc++";
				CLANG_ENABLE_MODULES = YES;
				CLANG_ENABLE_OBJC_ARC = YES;
				CLANG_WARN_BOOL_CONVERSION = YES;
				CLANG_WARN_CONSTANT_CONVERSION = YES;
				CLANG_WARN_DIRECT_OBJC_ISA_USAGE = YES_ERROR;
				CLANG_WARN_EMPTY_BODY = YES;
				CLANG_WARN_ENUM_CONVERSION = YES;
				CLANG_WARN_INT_CONVERSION = YES;
				CLANG_WARN_OBJC_ROOT_CLASS = YES_ERROR;
				CLANG_WARN_UNREACHABLE_CODE = YES;
				CLANG_WARN__DUPLICATE_METHOD_MATCH = YES;
				"CODE_SIGN_IDENTITY[sdk=iphoneos*]" = "iPhone Developer";
				COPY_PHASE_STRIP = NO;
				DEBUG_INFORMATION_FORMAT = dwarf;
				ENABLE_STRICT_OBJC_MSGSEND = YES;
				ENABLE_TESTABILITY = YES;
				GCC_C_LANGUAGE_STANDARD = gnu99;
				GCC_DYNAMIC_NO_PIC = NO;
				GCC_NO_COMMON_BLOCKS = YES;
				GCC_OPTIMIZATION_LEVEL = 0;
				GCC_PREPROCESSOR_DEFINITIONS = (
					"DEBUG=1",
					"$(inherited)",
				);
				GCC_WARN_64_TO_32_BIT_CONVERSION = YES;
				GCC_WARN_ABOUT_RETURN_TYPE = YES_ERROR;
				GCC_WARN_UNDECLARED_SELECTOR = YES;
				GCC_WARN_UNINITIALIZED_AUTOS = YES_AGGRESSIVE;
				GCC_WARN_UNUSED_FUNCTION = YES;
				GCC_WARN_UNUSED_VARIABLE = YES;
				IPHONEOS_DEPLOYMENT_TARGET = 9.2;
				MTL_ENABLE_DEBUG_INFO = YES;
				ONLY_ACTIVE_ARCH = YES;
				SDKROOT = iphoneos;
				SWIFT_OPTIMIZATION_LEVEL = "-Onone";
			};
			name = Debug;
		};
		796DE49F1C9F3DD1006AEC5E /* Release */ = {
			isa = XCBuildConfiguration;
			buildSettings = {
				ALWAYS_SEARCH_USER_PATHS = NO;
				CLANG_CXX_LANGUAGE_STANDARD = "gnu++0x";
				CLANG_CXX_LIBRARY = "libc++";
				CLANG_ENABLE_MODULES = YES;
				CLANG_ENABLE_OBJC_ARC = YES;
				CLANG_WARN_BOOL_CONVERSION = YES;
				CLANG_WARN_CONSTANT_CONVERSION = YES;
				CLANG_WARN_DIRECT_OBJC_ISA_USAGE = YES_ERROR;
				CLANG_WARN_EMPTY_BODY = YES;
				CLANG_WARN_ENUM_CONVERSION = YES;
				CLANG_WARN_INT_CONVERSION = YES;
				CLANG_WARN_OBJC_ROOT_CLASS = YES_ERROR;
				CLANG_WARN_UNREACHABLE_CODE = YES;
				CLANG_WARN__DUPLICATE_METHOD_MATCH = YES;
				"CODE_SIGN_IDENTITY[sdk=iphoneos*]" = "iPhone Developer";
				COPY_PHASE_STRIP = NO;
				DEBUG_INFORMATION_FORMAT = "dwarf-with-dsym";
				ENABLE_NS_ASSERTIONS = NO;
				ENABLE_STRICT_OBJC_MSGSEND = YES;
				GCC_C_LANGUAGE_STANDARD = gnu99;
				GCC_NO_COMMON_BLOCKS = YES;
				GCC_WARN_64_TO_32_BIT_CONVERSION = YES;
				GCC_WARN_ABOUT_RETURN_TYPE = YES_ERROR;
				GCC_WARN_UNDECLARED_SELECTOR = YES;
				GCC_WARN_UNINITIALIZED_AUTOS = YES_AGGRESSIVE;
				GCC_WARN_UNUSED_FUNCTION = YES;
				GCC_WARN_UNUSED_VARIABLE = YES;
				IPHONEOS_DEPLOYMENT_TARGET = 9.2;
				MTL_ENABLE_DEBUG_INFO = NO;
				SDKROOT = iphoneos;
				VALIDATE_PRODUCT = YES;
			};
			name = Release;
		};
		796DE4A11C9F3DD1006AEC5E /* Debug */ = {
			isa = XCBuildConfiguration;
			buildSettings = {
				ASSETCATALOG_COMPILER_APPICON_NAME = AppIcon;
				CODE_SIGN_IDENTITY = "iPhone Developer";
				INFOPLIST_FILE = PassCut/Info.plist;
				LD_RUNPATH_SEARCH_PATHS = "$(inherited) @executable_path/Frameworks";
				PRODUCT_BUNDLE_IDENTIFIER = com.shahnami.ios.passcut;
				PRODUCT_NAME = "$(TARGET_NAME)";
			};
			name = Debug;
		};
		796DE4A21C9F3DD1006AEC5E /* Release */ = {
			isa = XCBuildConfiguration;
			buildSettings = {
				ASSETCATALOG_COMPILER_APPICON_NAME = AppIcon;
				CODE_SIGN_IDENTITY = "iPhone Developer";
				INFOPLIST_FILE = PassCut/Info.plist;
				LD_RUNPATH_SEARCH_PATHS = "$(inherited) @executable_path/Frameworks";
				PRODUCT_BUNDLE_IDENTIFIER = com.shahnami.ios.passcut;
				PRODUCT_NAME = "$(TARGET_NAME)";
			};
			name = Release;
		};
/* End XCBuildConfiguration section */

/* Begin XCConfigurationList section */
		796DE4891C9F3DD1006AEC5E /* Build configuration list for PBXProject "PassCut" */ = {
			isa = XCConfigurationList;
			buildConfigurations = (
				796DE49E1C9F3DD1006AEC5E /* Debug */,
				796DE49F1C9F3DD1006AEC5E /* Release */,
			);
			defaultConfigurationIsVisible = 0;
			defaultConfigurationName = Release;
		};
		796DE4A01C9F3DD1006AEC5E /* Build configuration list for PBXNativeTarget "PassCut" */ = {
			isa = XCConfigurationList;
			buildConfigurations = (
				796DE4A11C9F3DD1006AEC5E /* Debug */,
				796DE4A21C9F3DD1006AEC5E /* Release */,
			);
			defaultConfigurationIsVisible = 0;
			defaultConfigurationName = Release;
		};
/* End XCConfigurationList section */
	};
	rootObject = 796DE4861C9F3DD1006AEC5E /* Project object */;
}
